// !$*UTF8*$!
{
	archiveVersion = 1;
	classes = {
	};
	objectVersion = 50;
	objects = {

/* Begin PBXBuildFile section */
		7664F664259532B300F66C8C /* cw_1_2App.swift in Sources */ = {isa = PBXBuildFile; fileRef = 7664F663259532B300F66C8C /* cw_1_2App.swift */; };
		7664F666259532B300F66C8C /* ContentView.swift in Sources */ = {isa = PBXBuildFile; fileRef = 7664F665259532B300F66C8C /* ContentView.swift */; };
		7664F668259532B400F66C8C /* Assets.xcassets in Resources */ = {isa = PBXBuildFile; fileRef = 7664F667259532B400F66C8C /* Assets.xcassets */; };
		7664F66B259532B400F66C8C /* Preview Assets.xcassets in Resources */ = {isa = PBXBuildFile; fileRef = 7664F66A259532B400F66C8C /* Preview Assets.xcassets */; };
		7664F6902595444100F66C8C /* AndikaNewBasic-BoldItalic.ttf in Resources */ = {isa = PBXBuildFile; fileRef = 7664F6742595444100F66C8C /* AndikaNewBasic-BoldItalic.ttf */; };
		7664F6912595444100F66C8C /* Montserrat-LightItalic.ttf in Resources */ = {isa = PBXBuildFile; fileRef = 7664F6752595444100F66C8C /* Montserrat-LightItalic.ttf */; };
		7664F6922595444100F66C8C /* Montserrat-Medium.ttf in Resources */ = {isa = PBXBuildFile; fileRef = 7664F6762595444100F66C8C /* Montserrat-Medium.ttf */; };
		7664F6932595444100F66C8C /* AndikaNewBasic-Bold.ttf in Resources */ = {isa = PBXBuildFile; fileRef = 7664F6772595444100F66C8C /* AndikaNewBasic-Bold.ttf */; };
		7664F6942595444100F66C8C /* BeautyMountainsPersonalUse-od7z.ttf in Resources */ = {isa = PBXBuildFile; fileRef = 7664F6782595444100F66C8C /* BeautyMountainsPersonalUse-od7z.ttf */; };
		7664F6952595444100F66C8C /* Montserrat-BoldItalic.ttf in Resources */ = {isa = PBXBuildFile; fileRef = 7664F6792595444100F66C8C /* Montserrat-BoldItalic.ttf */; };
		7664F6962595444100F66C8C /* Montserrat-Light.ttf in Resources */ = {isa = PBXBuildFile; fileRef = 7664F67A2595444100F66C8C /* Montserrat-Light.ttf */; };
		7664F6972595444100F66C8C /* Montserrat-ThinItalic.ttf in Resources */ = {isa = PBXBuildFile; fileRef = 7664F67B2595444100F66C8C /* Montserrat-ThinItalic.ttf */; };
		7664F6982595444100F66C8C /* Montserrat-ExtraLight.ttf in Resources */ = {isa = PBXBuildFile; fileRef = 7664F67C2595444100F66C8C /* Montserrat-ExtraLight.ttf */; };
		7664F6992595444100F66C8C /* Montserrat-Thin.ttf in Resources */ = {isa = PBXBuildFile; fileRef = 7664F67D2595444100F66C8C /* Montserrat-Thin.ttf */; };
		7664F69A2595444100F66C8C /* Montserrat-Bold.ttf in Resources */ = {isa = PBXBuildFile; fileRef = 7664F67E2595444100F66C8C /* Montserrat-Bold.ttf */; };
		7664F69B2595444100F66C8C /* Montserrat-MediumItalic.ttf in Resources */ = {isa = PBXBuildFile; fileRef = 7664F67F2595444100F66C8C /* Montserrat-MediumItalic.ttf */; };
		7664F69C2595444100F66C8C /* BeautifulPeoplePersonalUse-PYP2.ttf in Resources */ = {isa = PBXBuildFile; fileRef = 7664F6802595444100F66C8C /* BeautifulPeoplePersonalUse-PYP2.ttf */; };
		7664F69D2595444100F66C8C /* Montserrat-BlackItalic.ttf in Resources */ = {isa = PBXBuildFile; fileRef = 7664F6812595444100F66C8C /* Montserrat-BlackItalic.ttf */; };
		7664F69E2595444100F66C8C /* AndikaNewBasic-Regular.ttf in Resources */ = {isa = PBXBuildFile; fileRef = 7664F6822595444100F66C8C /* AndikaNewBasic-Regular.ttf */; };
		7664F69F2595444100F66C8C /* LemonJellyPersonalUse-dEqR.ttf in Resources */ = {isa = PBXBuildFile; fileRef = 7664F6832595444100F66C8C /* LemonJellyPersonalUse-dEqR.ttf */; };
		7664F6A02595444100F66C8C /* Montserrat-SemiBold.ttf in Resources */ = {isa = PBXBuildFile; fileRef = 7664F6842595444100F66C8C /* Montserrat-SemiBold.ttf */; };
		7664F6A12595444100F66C8C /* Montserrat-ExtraLightItalic.ttf in Resources */ = {isa = PBXBuildFile; fileRef = 7664F6852595444100F66C8C /* Montserrat-ExtraLightItalic.ttf */; };
		7664F6A22595444100F66C8C /* CassandraPersonalUseRegular-3BjG.ttf in Resources */ = {isa = PBXBuildFile; fileRef = 7664F6862595444100F66C8C /* CassandraPersonalUseRegular-3BjG.ttf */; };
		7664F6A32595444100F66C8C /* Montserrat-ExtraBold.ttf in Resources */ = {isa = PBXBuildFile; fileRef = 7664F6872595444100F66C8C /* Montserrat-ExtraBold.ttf */; };
		7664F6A42595444100F66C8C /* AndikaNewBasic-Italic.ttf in Resources */ = {isa = PBXBuildFile; fileRef = 7664F6882595444100F66C8C /* AndikaNewBasic-Italic.ttf */; };
		7664F6A52595444100F66C8C /* VeganStylePersonalUse-5Y58.ttf in Resources */ = {isa = PBXBuildFile; fileRef = 7664F6892595444100F66C8C /* VeganStylePersonalUse-5Y58.ttf */; };
		7664F6A62595444100F66C8C /* Montserrat-Black.ttf in Resources */ = {isa = PBXBuildFile; fileRef = 7664F68A2595444100F66C8C /* Montserrat-Black.ttf */; };
		7664F6A72595444100F66C8C /* Montserrat-Regular.ttf in Resources */ = {isa = PBXBuildFile; fileRef = 7664F68B2595444100F66C8C /* Montserrat-Regular.ttf */; };
		7664F6A82595444100F66C8C /* BeautifulPeoplePersonalUse-dE0g.ttf in Resources */ = {isa = PBXBuildFile; fileRef = 7664F68C2595444100F66C8C /* BeautifulPeoplePersonalUse-dE0g.ttf */; };
		7664F6A92595444100F66C8C /* Montserrat-Italic.ttf in Resources */ = {isa = PBXBuildFile; fileRef = 7664F68D2595444100F66C8C /* Montserrat-Italic.ttf */; };
		7664F6AA2595444100F66C8C /* Montserrat-SemiBoldItalic.ttf in Resources */ = {isa = PBXBuildFile; fileRef = 7664F68E2595444100F66C8C /* Montserrat-SemiBoldItalic.ttf */; };
		7664F6AB2595444100F66C8C /* Montserrat-ExtraBoldItalic.ttf in Resources */ = {isa = PBXBuildFile; fileRef = 7664F68F2595444100F66C8C /* Montserrat-ExtraBoldItalic.ttf */; };
/* End PBXBuildFile section */

/* Begin PBXFileReference section */
		7664F660259532B300F66C8C /* cw-1-2.app */ = {isa = PBXFileReference; explicitFileType = wrapper.application; includeInIndex = 0; path = "cw-1-2.app"; sourceTree = BUILT_PRODUCTS_DIR; };
		7664F663259532B300F66C8C /* cw_1_2App.swift */ = {isa = PBXFileReference; lastKnownFileType = sourcecode.swift; path = cw_1_2App.swift; sourceTree = "<group>"; };
		7664F665259532B300F66C8C /* ContentView.swift */ = {isa = PBXFileReference; lastKnownFileType = sourcecode.swift; path = ContentView.swift; sourceTree = "<group>"; };
		7664F667259532B400F66C8C /* Assets.xcassets */ = {isa = PBXFileReference; lastKnownFileType = folder.assetcatalog; path = Assets.xcassets; sourceTree = "<group>"; };
		7664F66A259532B400F66C8C /* Preview Assets.xcassets */ = {isa = PBXFileReference; lastKnownFileType = folder.assetcatalog; path = "Preview Assets.xcassets"; sourceTree = "<group>"; };
		7664F66C259532B400F66C8C /* Info.plist */ = {isa = PBXFileReference; lastKnownFileType = text.plist.xml; path = Info.plist; sourceTree = "<group>"; };
		7664F6742595444100F66C8C /* AndikaNewBasic-BoldItalic.ttf */ = {isa = PBXFileReference; lastKnownFileType = file; path = "AndikaNewBasic-BoldItalic.ttf"; sourceTree = "<group>"; };
		7664F6752595444100F66C8C /* Montserrat-LightItalic.ttf */ = {isa = PBXFileReference; lastKnownFileType = file; path = "Montserrat-LightItalic.ttf"; sourceTree = "<group>"; };
		7664F6762595444100F66C8C /* Montserrat-Medium.ttf */ = {isa = PBXFileReference; lastKnownFileType = file; path = "Montserrat-Medium.ttf"; sourceTree = "<group>"; };
		7664F6772595444100F66C8C /* AndikaNewBasic-Bold.ttf */ = {isa = PBXFileReference; lastKnownFileType = file; path = "AndikaNewBasic-Bold.ttf"; sourceTree = "<group>"; };
		7664F6782595444100F66C8C /* BeautyMountainsPersonalUse-od7z.ttf */ = {isa = PBXFileReference; lastKnownFileType = file; path = "BeautyMountainsPersonalUse-od7z.ttf"; sourceTree = "<group>"; };
		7664F6792595444100F66C8C /* Montserrat-BoldItalic.ttf */ = {isa = PBXFileReference; lastKnownFileType = file; path = "Montserrat-BoldItalic.ttf"; sourceTree = "<group>"; };
		7664F67A2595444100F66C8C /* Montserrat-Light.ttf */ = {isa = PBXFileReference; lastKnownFileType = file; path = "Montserrat-Light.ttf"; sourceTree = "<group>"; };
		7664F67B2595444100F66C8C /* Montserrat-ThinItalic.ttf */ = {isa = PBXFileReference; lastKnownFileType = file; path = "Montserrat-ThinItalic.ttf"; sourceTree = "<group>"; };
		7664F67C2595444100F66C8C /* Montserrat-ExtraLight.ttf */ = {isa = PBXFileReference; lastKnownFileType = file; path = "Montserrat-ExtraLight.ttf"; sourceTree = "<group>"; };
		7664F67D2595444100F66C8C /* Montserrat-Thin.ttf */ = {isa = PBXFileReference; lastKnownFileType = file; path = "Montserrat-Thin.ttf"; sourceTree = "<group>"; };
		7664F67E2595444100F66C8C /* Montserrat-Bold.ttf */ = {isa = PBXFileReference; lastKnownFileType = file; path = "Montserrat-Bold.ttf"; sourceTree = "<group>"; };
		7664F67F2595444100F66C8C /* Montserrat-MediumItalic.ttf */ = {isa = PBXFileReference; lastKnownFileType = file; path = "Montserrat-MediumItalic.ttf"; sourceTree = "<group>"; };
		7664F6802595444100F66C8C /* BeautifulPeoplePersonalUse-PYP2.ttf */ = {isa = PBXFileReference; lastKnownFileType = file; path = "BeautifulPeoplePersonalUse-PYP2.ttf"; sourceTree = "<group>"; };
		7664F6812595444100F66C8C /* Montserrat-BlackItalic.ttf */ = {isa = PBXFileReference; lastKnownFileType = file; path = "Montserrat-BlackItalic.ttf"; sourceTree = "<group>"; };
		7664F6822595444100F66C8C /* AndikaNewBasic-Regular.ttf */ = {isa = PBXFileReference; lastKnownFileType = file; path = "AndikaNewBasic-Regular.ttf"; sourceTree = "<group>"; };
		7664F6832595444100F66C8C /* LemonJellyPersonalUse-dEqR.ttf */ = {isa = PBXFileReference; lastKnownFileType = file; path = "LemonJellyPersonalUse-dEqR.ttf"; sourceTree = "<group>"; };
		7664F6842595444100F66C8C /* Montserrat-SemiBold.ttf */ = {isa = PBXFileReference; lastKnownFileType = file; path = "Montserrat-SemiBold.ttf"; sourceTree = "<group>"; };
		7664F6852595444100F66C8C /* Montserrat-ExtraLightItalic.ttf */ = {isa = PBXFileReference; lastKnownFileType = file; path = "Montserrat-ExtraLightItalic.ttf"; sourceTree = "<group>"; };
		7664F6862595444100F66C8C /* CassandraPersonalUseRegular-3BjG.ttf */ = {isa = PBXFileReference; lastKnownFileType = file; path = "CassandraPersonalUseRegular-3BjG.ttf"; sourceTree = "<group>"; };
		7664F6872595444100F66C8C /* Montserrat-ExtraBold.ttf */ = {isa = PBXFileReference; lastKnownFileType = file; path = "Montserrat-ExtraBold.ttf"; sourceTree = "<group>"; };
		7664F6882595444100F66C8C /* AndikaNewBasic-Italic.ttf */ = {isa = PBXFileReference; lastKnownFileType = file; path = "AndikaNewBasic-Italic.ttf"; sourceTree = "<group>"; };
		7664F6892595444100F66C8C /* VeganStylePersonalUse-5Y58.ttf */ = {isa = PBXFileReference; lastKnownFileType = file; path = "VeganStylePersonalUse-5Y58.ttf"; sourceTree = "<group>"; };
		7664F68A2595444100F66C8C /* Montserrat-Black.ttf */ = {isa = PBXFileReference; lastKnownFileType = file; path = "Montserrat-Black.ttf"; sourceTree = "<group>"; };
		7664F68B2595444100F66C8C /* Montserrat-Regular.ttf */ = {isa = PBXFileReference; lastKnownFileType = file; path = "Montserrat-Regular.ttf"; sourceTree = "<group>"; };
		7664F68C2595444100F66C8C /* BeautifulPeoplePersonalUse-dE0g.ttf */ = {isa = PBXFileReference; lastKnownFileType = file; path = "BeautifulPeoplePersonalUse-dE0g.ttf"; sourceTree = "<group>"; };
		7664F68D2595444100F66C8C /* Montserrat-Italic.ttf */ = {isa = PBXFileReference; lastKnownFileType = file; path = "Montserrat-Italic.ttf"; sourceTree = "<group>"; };
		7664F68E2595444100F66C8C /* Montserrat-SemiBoldItalic.ttf */ = {isa = PBXFileReference; lastKnownFileType = file; path = "Montserrat-SemiBoldItalic.ttf"; sourceTree = "<group>"; };
		7664F68F2595444100F66C8C /* Montserrat-ExtraBoldItalic.ttf */ = {isa = PBXFileReference; lastKnownFileType = file; path = "Montserrat-ExtraBoldItalic.ttf"; sourceTree = "<group>"; };
/* End PBXFileReference section */

/* Begin PBXFrameworksBuildPhase section */
		7664F65D259532B300F66C8C /* Frameworks */ = {
			isa = PBXFrameworksBuildPhase;
			buildActionMask = 2147483647;
			files = (
			);
			runOnlyForDeploymentPostprocessing = 0;
		};
/* End PBXFrameworksBuildPhase section */

/* Begin PBXGroup section */
		7664F657259532B300F66C8C = {
			isa = PBXGroup;
			children = (
				7664F662259532B300F66C8C /* cw-1-2 */,
				7664F661259532B300F66C8C /* Products */,
			);
			sourceTree = "<group>";
		};
		7664F661259532B300F66C8C /* Products */ = {
			isa = PBXGroup;
			children = (
				7664F660259532B300F66C8C /* cw-1-2.app */,
			);
			name = Products;
			sourceTree = "<group>";
		};
		7664F662259532B300F66C8C /* cw-1-2 */ = {
			isa = PBXGroup;
			children = (
				7664F663259532B300F66C8C /* cw_1_2App.swift */,
				7664F665259532B300F66C8C /* ContentView.swift */,
				7664F667259532B400F66C8C /* Assets.xcassets */,
				7664F66C259532B400F66C8C /* Info.plist */,
				7664F6732595444100F66C8C /* fonts */,
				7664F669259532B400F66C8C /* Preview Content */,
			);
			path = "cw-1-2";
			sourceTree = "<group>";
		};
		7664F669259532B400F66C8C /* Preview Content */ = {
			isa = PBXGroup;
			children = (
				7664F66A259532B400F66C8C /* Preview Assets.xcassets */,
			);
			path = "Preview Content";
			sourceTree = "<group>";
		};
		7664F6732595444100F66C8C /* fonts */ = {
			isa = PBXGroup;
			children = (
				7664F6742595444100F66C8C /* AndikaNewBasic-BoldItalic.ttf */,
				7664F6752595444100F66C8C /* Montserrat-LightItalic.ttf */,
				7664F6762595444100F66C8C /* Montserrat-Medium.ttf */,
				7664F6772595444100F66C8C /* AndikaNewBasic-Bold.ttf */,
				7664F6782595444100F66C8C /* BeautyMountainsPersonalUse-od7z.ttf */,
				7664F6792595444100F66C8C /* Montserrat-BoldItalic.ttf */,
				7664F67A2595444100F66C8C /* Montserrat-Light.ttf */,
				7664F67B2595444100F66C8C /* Montserrat-ThinItalic.ttf */,
				7664F67C2595444100F66C8C /* Montserrat-ExtraLight.ttf */,
				7664F67D2595444100F66C8C /* Montserrat-Thin.ttf */,
				7664F67E2595444100F66C8C /* Montserrat-Bold.ttf */,
				7664F67F2595444100F66C8C /* Montserrat-MediumItalic.ttf */,
				7664F6802595444100F66C8C /* BeautifulPeoplePersonalUse-PYP2.ttf */,
				7664F6812595444100F66C8C /* Montserrat-BlackItalic.ttf */,
				7664F6822595444100F66C8C /* AndikaNewBasic-Regular.ttf */,
				7664F6832595444100F66C8C /* LemonJellyPersonalUse-dEqR.ttf */,
				7664F6842595444100F66C8C /* Montserrat-SemiBold.ttf */,
				7664F6852595444100F66C8C /* Montserrat-ExtraLightItalic.ttf */,
				7664F6862595444100F66C8C /* CassandraPersonalUseRegular-3BjG.ttf */,
				7664F6872595444100F66C8C /* Montserrat-ExtraBold.ttf */,
				7664F6882595444100F66C8C /* AndikaNewBasic-Italic.ttf */,
				7664F6892595444100F66C8C /* VeganStylePersonalUse-5Y58.ttf */,
				7664F68A2595444100F66C8C /* Montserrat-Black.ttf */,
				7664F68B2595444100F66C8C /* Montserrat-Regular.ttf */,
				7664F68C2595444100F66C8C /* BeautifulPeoplePersonalUse-dE0g.ttf */,
				7664F68D2595444100F66C8C /* Montserrat-Italic.ttf */,
				7664F68E2595444100F66C8C /* Montserrat-SemiBoldItalic.ttf */,
				7664F68F2595444100F66C8C /* Montserrat-ExtraBoldItalic.ttf */,
			);
			name = fonts;
			path = "../../cw-1-1/cw-1-1/fonts";
			sourceTree = "<group>";
		};
/* End PBXGroup section */

/* Begin PBXNativeTarget section */
		7664F65F259532B300F66C8C /* cw-1-2 */ = {
			isa = PBXNativeTarget;
			buildConfigurationList = 7664F66F259532B400F66C8C /* Build configuration list for PBXNativeTarget "cw-1-2" */;
			buildPhases = (
				7664F65C259532B300F66C8C /* Sources */,
				7664F65D259532B300F66C8C /* Frameworks */,
				7664F65E259532B300F66C8C /* Resources */,
			);
			buildRules = (
			);
			dependencies = (
			);
			name = "cw-1-2";
			productName = "cw-1-2";
			productReference = 7664F660259532B300F66C8C /* cw-1-2.app */;
			productType = "com.apple.product-type.application";
		};
/* End PBXNativeTarget section */

/* Begin PBXProject section */
		7664F658259532B300F66C8C /* Project object */ = {
			isa = PBXProject;
			attributes = {
				LastSwiftUpdateCheck = 1230;
				LastUpgradeCheck = 1230;
				TargetAttributes = {
					7664F65F259532B300F66C8C = {
						CreatedOnToolsVersion = 12.3;
					};
				};
			};
			buildConfigurationList = 7664F65B259532B300F66C8C /* Build configuration list for PBXProject "cw-1-2" */;
			compatibilityVersion = "Xcode 9.3";
			developmentRegion = en;
			hasScannedForEncodings = 0;
			knownRegions = (
				en,
				Base,
			);
			mainGroup = 7664F657259532B300F66C8C;
			productRefGroup = 7664F661259532B300F66C8C /* Products */;
			projectDirPath = "";
			projectRoot = "";
			targets = (
				7664F65F259532B300F66C8C /* cw-1-2 */,
			);
		};
/* End PBXProject section */

/* Begin PBXResourcesBuildPhase section */
		7664F65E259532B300F66C8C /* Resources */ = {
			isa = PBXResourcesBuildPhase;
			buildActionMask = 2147483647;
			files = (
				7664F6952595444100F66C8C /* Montserrat-BoldItalic.ttf in Resources */,
				7664F6912595444100F66C8C /* Montserrat-LightItalic.ttf in Resources */,
				7664F69B2595444100F66C8C /* Montserrat-MediumItalic.ttf in Resources */,
				7664F6922595444100F66C8C /* Montserrat-Medium.ttf in Resources */,
				7664F6962595444100F66C8C /* Montserrat-Light.ttf in Resources */,
				7664F6A82595444100F66C8C /* BeautifulPeoplePersonalUse-dE0g.ttf in Resources */,
				7664F6A52595444100F66C8C /* VeganStylePersonalUse-5Y58.ttf in Resources */,
				7664F6A72595444100F66C8C /* Montserrat-Regular.ttf in Resources */,
				7664F69D2595444100F66C8C /* Montserrat-BlackItalic.ttf in Resources */,
				7664F6A22595444100F66C8C /* CassandraPersonalUseRegular-3BjG.ttf in Resources */,
				7664F69A2595444100F66C8C /* Montserrat-Bold.ttf in Resources */,
				7664F6972595444100F66C8C /* Montserrat-ThinItalic.ttf in Resources */,
				7664F66B259532B400F66C8C /* Preview Assets.xcassets in Resources */,
				7664F6A62595444100F66C8C /* Montserrat-Black.ttf in Resources */,
				7664F69F2595444100F66C8C /* LemonJellyPersonalUse-dEqR.ttf in Resources */,
				7664F6A42595444100F66C8C /* AndikaNewBasic-Italic.ttf in Resources */,
				7664F6AA2595444100F66C8C /* Montserrat-SemiBoldItalic.ttf in Resources */,
				7664F6A02595444100F66C8C /* Montserrat-SemiBold.ttf in Resources */,
				7664F69E2595444100F66C8C /* AndikaNewBasic-Regular.ttf in Resources */,
				7664F6982595444100F66C8C /* Montserrat-ExtraLight.ttf in Resources */,
				7664F6932595444100F66C8C /* AndikaNewBasic-Bold.ttf in Resources */,
				7664F668259532B400F66C8C /* Assets.xcassets in Resources */,
				7664F6902595444100F66C8C /* AndikaNewBasic-BoldItalic.ttf in Resources */,
				7664F6992595444100F66C8C /* Montserrat-Thin.ttf in Resources */,
				7664F6A12595444100F66C8C /* Montserrat-ExtraLightItalic.ttf in Resources */,
				7664F6A32595444100F66C8C /* Montserrat-ExtraBold.ttf in Resources */,
				7664F6942595444100F66C8C /* BeautyMountainsPersonalUse-od7z.ttf in Resources */,
				7664F6AB2595444100F66C8C /* Montserrat-ExtraBoldItalic.ttf in Resources */,
				7664F69C2595444100F66C8C /* BeautifulPeoplePersonalUse-PYP2.ttf in Resources */,
				7664F6A92595444100F66C8C /* Montserrat-Italic.ttf in Resources */,
			);
			runOnlyForDeploymentPostprocessing = 0;
		};
/* End PBXResourcesBuildPhase section */

/* Begin PBXSourcesBuildPhase section */
		7664F65C259532B300F66C8C /* Sources */ = {
			isa = PBXSourcesBuildPhase;
			buildActionMask = 2147483647;
			files = (
				7664F666259532B300F66C8C /* ContentView.swift in Sources */,
				7664F664259532B300F66C8C /* cw_1_2App.swift in Sources */,
			);
			runOnlyForDeploymentPostprocessing = 0;
		};
/* End PBXSourcesBuildPhase section */

/* Begin XCBuildConfiguration section */
		7664F66D259532B400F66C8C /* Debug */ = {
			isa = XCBuildConfiguration;
			buildSettings = {
				ALWAYS_SEARCH_USER_PATHS = NO;
				CLANG_ANALYZER_NONNULL = YES;
				CLANG_ANALYZER_NUMBER_OBJECT_CONVERSION = YES_AGGRESSIVE;
				CLANG_CXX_LANGUAGE_STANDARD = "gnu++14";
				CLANG_CXX_LIBRARY = "libc++";
				CLANG_ENABLE_MODULES = YES;
				CLANG_ENABLE_OBJC_ARC = YES;
				CLANG_ENABLE_OBJC_WEAK = YES;
				CLANG_WARN_BLOCK_CAPTURE_AUTORELEASING = YES;
				CLANG_WARN_BOOL_CONVERSION = YES;
				CLANG_WARN_COMMA = YES;
				CLANG_WARN_CONSTANT_CONVERSION = YES;
				CLANG_WARN_DEPRECATED_OBJC_IMPLEMENTATIONS = YES;
				CLANG_WARN_DIRECT_OBJC_ISA_USAGE = YES_ERROR;
				CLANG_WARN_DOCUMENTATION_COMMENTS = YES;
				CLANG_WARN_EMPTY_BODY = YES;
				CLANG_WARN_ENUM_CONVERSION = YES;
				CLANG_WARN_INFINITE_RECURSION = YES;
				CLANG_WARN_INT_CONVERSION = YES;
				CLANG_WARN_NON_LITERAL_NULL_CONVERSION = YES;
				CLANG_WARN_OBJC_IMPLICIT_RETAIN_SELF = YES;
				CLANG_WARN_OBJC_LITERAL_CONVERSION = YES;
				CLANG_WARN_OBJC_ROOT_CLASS = YES_ERROR;
				CLANG_WARN_QUOTED_INCLUDE_IN_FRAMEWORK_HEADER = YES;
				CLANG_WARN_RANGE_LOOP_ANALYSIS = YES;
				CLANG_WARN_STRICT_PROTOTYPES = YES;
				CLANG_WARN_SUSPICIOUS_MOVE = YES;
				CLANG_WARN_UNGUARDED_AVAILABILITY = YES_AGGRESSIVE;
				CLANG_WARN_UNREACHABLE_CODE = YES;
				CLANG_WARN__DUPLICATE_METHOD_MATCH = YES;
				COPY_PHASE_STRIP = NO;
				DEBUG_INFORMATION_FORMAT = dwarf;
				ENABLE_STRICT_OBJC_MSGSEND = YES;
				ENABLE_TESTABILITY = YES;
				GCC_C_LANGUAGE_STANDARD = gnu11;
				GCC_DYNAMIC_NO_PIC = NO;
				GCC_NO_COMMON_BLOCKS = YES;
				GCC_OPTIMIZATION_LEVEL = 0;
				GCC_PREPROCESSOR_DEFINITIONS = (
					"DEBUG=1",
					"$(inherited)",
				);
				GCC_WARN_64_TO_32_BIT_CONVERSION = YES;
				GCC_WARN_ABOUT_RETURN_TYPE = YES_ERROR;
				GCC_WARN_UNDECLARED_SELECTOR = YES;
				GCC_WARN_UNINITIALIZED_AUTOS = YES_AGGRESSIVE;
				GCC_WARN_UNUSED_FUNCTION = YES;
				GCC_WARN_UNUSED_VARIABLE = YES;
				IPHONEOS_DEPLOYMENT_TARGET = 14.3;
				MTL_ENABLE_DEBUG_INFO = INCLUDE_SOURCE;
				MTL_FAST_MATH = YES;
				ONLY_ACTIVE_ARCH = YES;
				SDKROOT = iphoneos;
				SWIFT_ACTIVE_COMPILATION_CONDITIONS = DEBUG;
				SWIFT_OPTIMIZATION_LEVEL = "-Onone";
			};
			name = Debug;
		};
		7664F66E259532B400F66C8C /* Release */ = {
			isa = XCBuildConfiguration;
			buildSettings = {
				ALWAYS_SEARCH_USER_PATHS = NO;
				CLANG_ANALYZER_NONNULL = YES;
				CLANG_ANALYZER_NUMBER_OBJECT_CONVERSION = YES_AGGRESSIVE;
				CLANG_CXX_LANGUAGE_STANDARD = "gnu++14";
				CLANG_CXX_LIBRARY = "libc++";
				CLANG_ENABLE_MODULES = YES;
				CLANG_ENABLE_OBJC_ARC = YES;
				CLANG_ENABLE_OBJC_WEAK = YES;
				CLANG_WARN_BLOCK_CAPTURE_AUTORELEASING = YES;
				CLANG_WARN_BOOL_CONVERSION = YES;
				CLANG_WARN_COMMA = YES;
				CLANG_WARN_CONSTANT_CONVERSION = YES;
				CLANG_WARN_DEPRECATED_OBJC_IMPLEMENTATIONS = YES;
				CLANG_WARN_DIRECT_OBJC_ISA_USAGE = YES_ERROR;
				CLANG_WARN_DOCUMENTATION_COMMENTS = YES;
				CLANG_WARN_EMPTY_BODY = YES;
				CLANG_WARN_ENUM_CONVERSION = YES;
				CLANG_WARN_INFINITE_RECURSION = YES;
				CLANG_WARN_INT_CONVERSION = YES;
				CLANG_WARN_NON_LITERAL_NULL_CONVERSION = YES;
				CLANG_WARN_OBJC_IMPLICIT_RETAIN_SELF = YES;
				CLANG_WARN_OBJC_LITERAL_CONVERSION = YES;
				CLANG_WARN_OBJC_ROOT_CLASS = YES_ERROR;
				CLANG_WARN_QUOTED_INCLUDE_IN_FRAMEWORK_HEADER = YES;
				CLANG_WARN_RANGE_LOOP_ANALYSIS = YES;
				CLANG_WARN_STRICT_PROTOTYPES = YES;
				CLANG_WARN_SUSPICIOUS_MOVE = YES;
				CLANG_WARN_UNGUARDED_AVAILABILITY = YES_AGGRESSIVE;
				CLANG_WARN_UNREACHABLE_CODE = YES;
				CLANG_WARN__DUPLICATE_METHOD_MATCH = YES;
				COPY_PHASE_STRIP = NO;
				DEBUG_INFORMATION_FORMAT = "dwarf-with-dsym";
				ENABLE_NS_ASSERTIONS = NO;
				ENABLE_STRICT_OBJC_MSGSEND = YES;
				GCC_C_LANGUAGE_STANDARD = gnu11;
				GCC_NO_COMMON_BLOCKS = YES;
				GCC_WARN_64_TO_32_BIT_CONVERSION = YES;
				GCC_WARN_ABOUT_RETURN_TYPE = YES_ERROR;
				GCC_WARN_UNDECLARED_SELECTOR = YES;
				GCC_WARN_UNINITIALIZED_AUTOS = YES_AGGRESSIVE;
				GCC_WARN_UNUSED_FUNCTION = YES;
				GCC_WARN_UNUSED_VARIABLE = YES;
				IPHONEOS_DEPLOYMENT_TARGET = 14.3;
				MTL_ENABLE_DEBUG_INFO = NO;
				MTL_FAST_MATH = YES;
				SDKROOT = iphoneos;
				SWIFT_COMPILATION_MODE = wholemodule;
				SWIFT_OPTIMIZATION_LEVEL = "-O";
				VALIDATE_PRODUCT = YES;
			};
			name = Release;
		};
		7664F670259532B400F66C8C /* Debug */ = {
			isa = XCBuildConfiguration;
			buildSettings = {
				ASSETCATALOG_COMPILER_APPICON_NAME = AppIcon;
				ASSETCATALOG_COMPILER_GLOBAL_ACCENT_COLOR_NAME = AccentColor;
				CODE_SIGN_STYLE = Automatic;
				DEVELOPMENT_ASSET_PATHS = "\"cw-1-2/Preview Content\"";
				DEVELOPMENT_TEAM = R4VV8XSRSF;
				ENABLE_PREVIEWS = YES;
				INFOPLIST_FILE = "cw-1-2/Info.plist";
				IPHONEOS_DEPLOYMENT_TARGET = 14.0;
				LD_RUNPATH_SEARCH_PATHS = (
					"$(inherited)",
					"@executable_path/Frameworks",
				);
				PRODUCT_BUNDLE_IDENTIFIER = "com.MOHAMMED-BAQER.cw-1-2";
				PRODUCT_NAME = "$(TARGET_NAME)";
				SWIFT_VERSION = 5.0;
				TARGETED_DEVICE_FAMILY = "1,2";
			};
			name = Debug;
		};
		7664F671259532B400F66C8C /* Release */ = {
			isa = XCBuildConfiguration;
			buildSettings = {
				ASSETCATALOG_COMPILER_APPICON_NAME = AppIcon;
				ASSETCATALOG_COMPILER_GLOBAL_ACCENT_COLOR_NAME = AccentColor;
				CODE_SIGN_STYLE = Automatic;
				DEVELOPMENT_ASSET_PATHS = "\"cw-1-2/Preview Content\"";
				DEVELOPMENT_TEAM = R4VV8XSRSF;
				ENABLE_PREVIEWS = YES;
				INFOPLIST_FILE = "cw-1-2/Info.plist";
				IPHONEOS_DEPLOYMENT_TARGET = 14.0;
				LD_RUNPATH_SEARCH_PATHS = (
					"$(inherited)",
					"@executable_path/Frameworks",
				);
				PRODUCT_BUNDLE_IDENTIFIER = "com.MOHAMMED-BAQER.cw-1-2";
				PRODUCT_NAME = "$(TARGET_NAME)";
				SWIFT_VERSION = 5.0;
				TARGETED_DEVICE_FAMILY = "1,2";
			};
			name = Release;
		};
/* End XCBuildConfiguration section */

/* Begin XCConfigurationList section */
		7664F65B259532B300F66C8C /* Build configuration list for PBXProject "cw-1-2" */ = {
			isa = XCConfigurationList;
			buildConfigurations = (
				7664F66D259532B400F66C8C /* Debug */,
				7664F66E259532B400F66C8C /* Release */,
			);
			defaultConfigurationIsVisible = 0;
			defaultConfigurationName = Release;
		};
		7664F66F259532B400F66C8C /* Build configuration list for PBXNativeTarget "cw-1-2" */ = {
			isa = XCConfigurationList;
			buildConfigurations = (
				7664F670259532B400F66C8C /* Debug */,
				7664F671259532B400F66C8C /* Release */,
			);
			defaultConfigurationIsVisible = 0;
			defaultConfigurationName = Release;
		};
/* End XCConfigurationList section */
	};
	rootObject = 7664F658259532B300F66C8C /* Project object */;
}
