// !$*UTF8*$!
{
	archiveVersion = 1;
	classes = {
	};
	objectVersion = 50;
	objects = {

/* Begin PBXBuildFile section */
		7664F60E25952BBF00F66C8C /* cw_1_1App.swift in Sources */ = {isa = PBXBuildFile; fileRef = 7664F60D25952BBF00F66C8C /* cw_1_1App.swift */; };
		7664F61025952BBF00F66C8C /* ContentView.swift in Sources */ = {isa = PBXBuildFile; fileRef = 7664F60F25952BBF00F66C8C /* ContentView.swift */; };
		7664F61225952BC000F66C8C /* Assets.xcassets in Resources */ = {isa = PBXBuildFile; fileRef = 7664F61125952BC000F66C8C /* Assets.xcassets */; };
		7664F61525952BC000F66C8C /* Preview Assets.xcassets in Resources */ = {isa = PBXBuildFile; fileRef = 7664F61425952BC000F66C8C /* Preview Assets.xcassets */; };
/* End PBXBuildFile section */

/* Begin PBXFileReference section */
		7664F60A25952BBF00F66C8C /* cw-1-1.app */ = {isa = PBXFileReference; explicitFileType = wrapper.application; includeInIndex = 0; path = "cw-1-1.app"; sourceTree = BUILT_PRODUCTS_DIR; };
		7664F60D25952BBF00F66C8C /* cw_1_1App.swift */ = {isa = PBXFileReference; lastKnownFileType = sourcecode.swift; path = cw_1_1App.swift; sourceTree = "<group>"; };
		7664F60F25952BBF00F66C8C /* ContentView.swift */ = {isa = PBXFileReference; lastKnownFileType = sourcecode.swift; path = ContentView.swift; sourceTree = "<group>"; };
		7664F61125952BC000F66C8C /* Assets.xcassets */ = {isa = PBXFileReference; lastKnownFileType = folder.assetcatalog; path = Assets.xcassets; sourceTree = "<group>"; };
		7664F61425952BC000F66C8C /* Preview Assets.xcassets */ = {isa = PBXFileReference; lastKnownFileType = folder.assetcatalog; path = "Preview Assets.xcassets"; sourceTree = "<group>"; };
		7664F61625952BC000F66C8C /* Info.plist */ = {isa = PBXFileReference; lastKnownFileType = text.plist.xml; path = Info.plist; sourceTree = "<group>"; };
		7664F63D2595307000F66C8C /* AndikaNewBasic-Bold.ttf */ = {isa = PBXFileReference; lastKnownFileType = file; path = "AndikaNewBasic-Bold.ttf"; sourceTree = "<group>"; };
		7664F6402595308600F66C8C /* BeautyMountainsPersonalUse-od7z.ttf */ = {isa = PBXFileReference; lastKnownFileType = file; path = "BeautyMountainsPersonalUse-od7z.ttf"; sourceTree = "<group>"; };
		7664F6412595309100F66C8C /* CassandraPersonalUseRegular-3BjG.ttf */ = {isa = PBXFileReference; lastKnownFileType = file; path = "CassandraPersonalUseRegular-3BjG.ttf"; sourceTree = "<group>"; };
		7664F6422595309800F66C8C /* LemonJellyPersonalUse-dEqR.ttf */ = {isa = PBXFileReference; lastKnownFileType = file; path = "LemonJellyPersonalUse-dEqR.ttf"; sourceTree = "<group>"; };
		7664F651259530A400F66C8C /* Montserrat-BlackItalic.ttf */ = {isa = PBXFileReference; lastKnownFileType = file; path = "Montserrat-BlackItalic.ttf"; sourceTree = "<group>"; };
		7664F655259530AB00F66C8C /* VeganStylePersonalUse-5Y58.ttf */ = {isa = PBXFileReference; lastKnownFileType = file; path = "VeganStylePersonalUse-5Y58.ttf"; sourceTree = "<group>"; };
/* End PBXFileReference section */

/* Begin PBXFrameworksBuildPhase section */
		7664F60725952BBF00F66C8C /* Frameworks */ = {
			isa = PBXFrameworksBuildPhase;
			buildActionMask = 2147483647;
			files = (
			);
			runOnlyForDeploymentPostprocessing = 0;
		};
/* End PBXFrameworksBuildPhase section */

/* Begin PBXGroup section */
		7664F60125952BBF00F66C8C = {
			isa = PBXGroup;
			children = (
				7664F60C25952BBF00F66C8C /* cw-1-1 */,
				7664F60B25952BBF00F66C8C /* Products */,
			);
			sourceTree = "<group>";
		};
		7664F60B25952BBF00F66C8C /* Products */ = {
			isa = PBXGroup;
			children = (
				7664F60A25952BBF00F66C8C /* cw-1-1.app */,
			);
			name = Products;
			sourceTree = "<group>";
		};
		7664F60C25952BBF00F66C8C /* cw-1-1 */ = {
			isa = PBXGroup;
			children = (
				7664F60D25952BBF00F66C8C /* cw_1_1App.swift */,
				7664F60F25952BBF00F66C8C /* ContentView.swift */,
				7664F61125952BC000F66C8C /* Assets.xcassets */,
				7664F61625952BC000F66C8C /* Info.plist */,
				7664F6392595304B00F66C8C /* fonts */,
				7664F61325952BC000F66C8C /* Preview Content */,
			);
			path = "cw-1-1";
			sourceTree = "<group>";
		};
		7664F61325952BC000F66C8C /* Preview Content */ = {
			isa = PBXGroup;
			children = (
				7664F61425952BC000F66C8C /* Preview Assets.xcassets */,
			);
			path = "Preview Content";
			sourceTree = "<group>";
		};
		7664F6392595304B00F66C8C /* fonts */ = {
			isa = PBXGroup;
			children = (
				7664F655259530AB00F66C8C /* VeganStylePersonalUse-5Y58.ttf */,
				7664F651259530A400F66C8C /* Montserrat-BlackItalic.ttf */,
				7664F6422595309800F66C8C /* LemonJellyPersonalUse-dEqR.ttf */,
				7664F6412595309100F66C8C /* CassandraPersonalUseRegular-3BjG.ttf */,
				7664F6402595308600F66C8C /* BeautyMountainsPersonalUse-od7z.ttf */,
				7664F63D2595307000F66C8C /* AndikaNewBasic-Bold.ttf */,
			);
			path = fonts;
			sourceTree = "<group>";
		};
/* End PBXGroup section */

/* Begin PBXNativeTarget section */
		7664F60925952BBF00F66C8C /* cw-1-1 */ = {
			isa = PBXNativeTarget;
			buildConfigurationList = 7664F61925952BC000F66C8C /* Build configuration list for PBXNativeTarget "cw-1-1" */;
			buildPhases = (
				7664F60625952BBF00F66C8C /* Sources */,
				7664F60725952BBF00F66C8C /* Frameworks */,
				7664F60825952BBF00F66C8C /* Resources */,
			);
			buildRules = (
			);
			dependencies = (
			);
			name = "cw-1-1";
			productName = "cw-1-1";
			productReference = 7664F60A25952BBF00F66C8C /* cw-1-1.app */;
			productType = "com.apple.product-type.application";
		};
/* End PBXNativeTarget section */

/* Begin PBXProject section */
		7664F60225952BBF00F66C8C /* Project object */ = {
			isa = PBXProject;
			attributes = {
				LastSwiftUpdateCheck = 1230;
				LastUpgradeCheck = 1230;
				TargetAttributes = {
					7664F60925952BBF00F66C8C = {
						CreatedOnToolsVersion = 12.3;
					};
				};
			};
			buildConfigurationList = 7664F60525952BBF00F66C8C /* Build configuration list for PBXProject "cw-1-1" */;
			compatibilityVersion = "Xcode 9.3";
			developmentRegion = en;
			hasScannedForEncodings = 0;
			knownRegions = (
				en,
				Base,
			);
			mainGroup = 7664F60125952BBF00F66C8C;
			productRefGroup = 7664F60B25952BBF00F66C8C /* Products */;
			projectDirPath = "";
			projectRoot = "";
			targets = (
				7664F60925952BBF00F66C8C /* cw-1-1 */,
			);
		};
/* End PBXProject section */

/* Begin PBXResourcesBuildPhase section */
		7664F60825952BBF00F66C8C /* Resources */ = {
			isa = PBXResourcesBuildPhase;
			buildActionMask = 2147483647;
			files = (
				7664F61525952BC000F66C8C /* Preview Assets.xcassets in Resources */,
				7664F61225952BC000F66C8C /* Assets.xcassets in Resources */,
			);
			runOnlyForDeploymentPostprocessing = 0;
		};
/* End PBXResourcesBuildPhase section */

/* Begin PBXSourcesBuildPhase section */
		7664F60625952BBF00F66C8C /* Sources */ = {
			isa = PBXSourcesBuildPhase;
			buildActionMask = 2147483647;
			files = (
				7664F61025952BBF00F66C8C /* ContentView.swift in Sources */,
				7664F60E25952BBF00F66C8C /* cw_1_1App.swift in Sources */,
			);
			runOnlyForDeploymentPostprocessing = 0;
		};
/* End PBXSourcesBuildPhase section */

/* Begin XCBuildConfiguration section */
		7664F61725952BC000F66C8C /* Debug */ = {
			isa = XCBuildConfiguration;
			buildSettings = {
				ALWAYS_SEARCH_USER_PATHS = NO;
				CLANG_ANALYZER_NONNULL = YES;
				CLANG_ANALYZER_NUMBER_OBJECT_CONVERSION = YES_AGGRESSIVE;
				CLANG_CXX_LANGUAGE_STANDARD = "gnu++14";
				CLANG_CXX_LIBRARY = "libc++";
				CLANG_ENABLE_MODULES = YES;
				CLANG_ENABLE_OBJC_ARC = YES;
				CLANG_ENABLE_OBJC_WEAK = YES;
				CLANG_WARN_BLOCK_CAPTURE_AUTORELEASING = YES;
				CLANG_WARN_BOOL_CONVERSION = YES;
				CLANG_WARN_COMMA = YES;
				CLANG_WARN_CONSTANT_CONVERSION = YES;
				CLANG_WARN_DEPRECATED_OBJC_IMPLEMENTATIONS = YES;
				CLANG_WARN_DIRECT_OBJC_ISA_USAGE = YES_ERROR;
				CLANG_WARN_DOCUMENTATION_COMMENTS = YES;
				CLANG_WARN_EMPTY_BODY = YES;
				CLANG_WARN_ENUM_CONVERSION = YES;
				CLANG_WARN_INFINITE_RECURSION = YES;
				CLANG_WARN_INT_CONVERSION = YES;
				CLANG_WARN_NON_LITERAL_NULL_CONVERSION = YES;
				CLANG_WARN_OBJC_IMPLICIT_RETAIN_SELF = YES;
				CLANG_WARN_OBJC_LITERAL_CONVERSION = YES;
				CLANG_WARN_OBJC_ROOT_CLASS = YES_ERROR;
				CLANG_WARN_QUOTED_INCLUDE_IN_FRAMEWORK_HEADER = YES;
				CLANG_WARN_RANGE_LOOP_ANALYSIS = YES;
				CLANG_WARN_STRICT_PROTOTYPES = YES;
				CLANG_WARN_SUSPICIOUS_MOVE = YES;
				CLANG_WARN_UNGUARDED_AVAILABILITY = YES_AGGRESSIVE;
				CLANG_WARN_UNREACHABLE_CODE = YES;
				CLANG_WARN__DUPLICATE_METHOD_MATCH = YES;
				COPY_PHASE_STRIP = NO;
				DEBUG_INFORMATION_FORMAT = dwarf;
				ENABLE_STRICT_OBJC_MSGSEND = YES;
				ENABLE_TESTABILITY = YES;
				GCC_C_LANGUAGE_STANDARD = gnu11;
				GCC_DYNAMIC_NO_PIC = NO;
				GCC_NO_COMMON_BLOCKS = YES;
				GCC_OPTIMIZATION_LEVEL = 0;
				GCC_PREPROCESSOR_DEFINITIONS = (
					"DEBUG=1",
					"$(inherited)",
				);
				GCC_WARN_64_TO_32_BIT_CONVERSION = YES;
				GCC_WARN_ABOUT_RETURN_TYPE = YES_ERROR;
				GCC_WARN_UNDECLARED_SELECTOR = YES;
				GCC_WARN_UNINITIALIZED_AUTOS = YES_AGGRESSIVE;
				GCC_WARN_UNUSED_FUNCTION = YES;
				GCC_WARN_UNUSED_VARIABLE = YES;
				IPHONEOS_DEPLOYMENT_TARGET = 14.3;
				MTL_ENABLE_DEBUG_INFO = INCLUDE_SOURCE;
				MTL_FAST_MATH = YES;
				ONLY_ACTIVE_ARCH = YES;
				SDKROOT = iphoneos;
				SWIFT_ACTIVE_COMPILATION_CONDITIONS = DEBUG;
				SWIFT_OPTIMIZATION_LEVEL = "-Onone";
			};
			name = Debug;
		};
		7664F61825952BC000F66C8C /* Release */ = {
			isa = XCBuildConfiguration;
			buildSettings = {
				ALWAYS_SEARCH_USER_PATHS = NO;
				CLANG_ANALYZER_NONNULL = YES;
				CLANG_ANALYZER_NUMBER_OBJECT_CONVERSION = YES_AGGRESSIVE;
				CLANG_CXX_LANGUAGE_STANDARD = "gnu++14";
				CLANG_CXX_LIBRARY = "libc++";
				CLANG_ENABLE_MODULES = YES;
				CLANG_ENABLE_OBJC_ARC = YES;
				CLANG_ENABLE_OBJC_WEAK = YES;
				CLANG_WARN_BLOCK_CAPTURE_AUTORELEASING = YES;
				CLANG_WARN_BOOL_CONVERSION = YES;
				CLANG_WARN_COMMA = YES;
				CLANG_WARN_CONSTANT_CONVERSION = YES;
				CLANG_WARN_DEPRECATED_OBJC_IMPLEMENTATIONS = YES;
				CLANG_WARN_DIRECT_OBJC_ISA_USAGE = YES_ERROR;
				CLANG_WARN_DOCUMENTATION_COMMENTS = YES;
				CLANG_WARN_EMPTY_BODY = YES;
				CLANG_WARN_ENUM_CONVERSION = YES;
				CLANG_WARN_INFINITE_RECURSION = YES;
				CLANG_WARN_INT_CONVERSION = YES;
				CLANG_WARN_NON_LITERAL_NULL_CONVERSION = YES;
				CLANG_WARN_OBJC_IMPLICIT_RETAIN_SELF = YES;
				CLANG_WARN_OBJC_LITERAL_CONVERSION = YES;
				CLANG_WARN_OBJC_ROOT_CLASS = YES_ERROR;
				CLANG_WARN_QUOTED_INCLUDE_IN_FRAMEWORK_HEADER = YES;
				CLANG_WARN_RANGE_LOOP_ANALYSIS = YES;
				CLANG_WARN_STRICT_PROTOTYPES = YES;
				CLANG_WARN_SUSPICIOUS_MOVE = YES;
				CLANG_WARN_UNGUARDED_AVAILABILITY = YES_AGGRESSIVE;
				CLANG_WARN_UNREACHABLE_CODE = YES;
				CLANG_WARN__DUPLICATE_METHOD_MATCH = YES;
				COPY_PHASE_STRIP = NO;
				DEBUG_INFORMATION_FORMAT = "dwarf-with-dsym";
				ENABLE_NS_ASSERTIONS = NO;
				ENABLE_STRICT_OBJC_MSGSEND = YES;
				GCC_C_LANGUAGE_STANDARD = gnu11;
				GCC_NO_COMMON_BLOCKS = YES;
				GCC_WARN_64_TO_32_BIT_CONVERSION = YES;
				GCC_WARN_ABOUT_RETURN_TYPE = YES_ERROR;
				GCC_WARN_UNDECLARED_SELECTOR = YES;
				GCC_WARN_UNINITIALIZED_AUTOS = YES_AGGRESSIVE;
				GCC_WARN_UNUSED_FUNCTION = YES;
				GCC_WARN_UNUSED_VARIABLE = YES;
				IPHONEOS_DEPLOYMENT_TARGET = 14.3;
				MTL_ENABLE_DEBUG_INFO = NO;
				MTL_FAST_MATH = YES;
				SDKROOT = iphoneos;
				SWIFT_COMPILATION_MODE = wholemodule;
				SWIFT_OPTIMIZATION_LEVEL = "-O";
				VALIDATE_PRODUCT = YES;
			};
			name = Release;
		};
		7664F61A25952BC000F66C8C /* Debug */ = {
			isa = XCBuildConfiguration;
			buildSettings = {
				ASSETCATALOG_COMPILER_APPICON_NAME = AppIcon;
				ASSETCATALOG_COMPILER_GLOBAL_ACCENT_COLOR_NAME = AccentColor;
				CODE_SIGN_STYLE = Automatic;
				DEVELOPMENT_ASSET_PATHS = "\"cw-1-1/Preview Content\"";
				DEVELOPMENT_TEAM = R4VV8XSRSF;
				ENABLE_PREVIEWS = YES;
				INFOPLIST_FILE = "cw-1-1/Info.plist";
				IPHONEOS_DEPLOYMENT_TARGET = 14.0;
				LD_RUNPATH_SEARCH_PATHS = (
					"$(inherited)",
					"@executable_path/Frameworks",
				);
				PRODUCT_BUNDLE_IDENTIFIER = "com.MOHAMMED-BAQER.cw-1-1";
				PRODUCT_NAME = "$(TARGET_NAME)";
				SWIFT_VERSION = 5.0;
				TARGETED_DEVICE_FAMILY = "1,2";
			};
			name = Debug;
		};
		7664F61B25952BC000F66C8C /* Release */ = {
			isa = XCBuildConfiguration;
			buildSettings = {
				ASSETCATALOG_COMPILER_APPICON_NAME = AppIcon;
				ASSETCATALOG_COMPILER_GLOBAL_ACCENT_COLOR_NAME = AccentColor;
				CODE_SIGN_STYLE = Automatic;
				DEVELOPMENT_ASSET_PATHS = "\"cw-1-1/Preview Content\"";
				DEVELOPMENT_TEAM = R4VV8XSRSF;
				ENABLE_PREVIEWS = YES;
				INFOPLIST_FILE = "cw-1-1/Info.plist";
				IPHONEOS_DEPLOYMENT_TARGET = 14.0;
				LD_RUNPATH_SEARCH_PATHS = (
					"$(inherited)",
					"@executable_path/Frameworks",
				);
				PRODUCT_BUNDLE_IDENTIFIER = "com.MOHAMMED-BAQER.cw-1-1";
				PRODUCT_NAME = "$(TARGET_NAME)";
				SWIFT_VERSION = 5.0;
				TARGETED_DEVICE_FAMILY = "1,2";
			};
			name = Release;
		};
/* End XCBuildConfiguration section */

/* Begin XCConfigurationList section */
		7664F60525952BBF00F66C8C /* Build configuration list for PBXProject "cw-1-1" */ = {
			isa = XCConfigurationList;
			buildConfigurations = (
				7664F61725952BC000F66C8C /* Debug */,
				7664F61825952BC000F66C8C /* Release */,
			);
			defaultConfigurationIsVisible = 0;
			defaultConfigurationName = Release;
		};
		7664F61925952BC000F66C8C /* Build configuration list for PBXNativeTarget "cw-1-1" */ = {
			isa = XCConfigurationList;
			buildConfigurations = (
				7664F61A25952BC000F66C8C /* Debug */,
				7664F61B25952BC000F66C8C /* Release */,
			);
			defaultConfigurationIsVisible = 0;
			defaultConfigurationName = Release;
		};
/* End XCConfigurationList section */
	};
	rootObject = 7664F60225952BBF00F66C8C /* Project object */;
}
